
Microsoft Visual Studio Solution File, Format Version 12.00
# Visual Studio Version 16
VisualStudioVersion = 16.0.29926.136
MinimumVisualStudioVersion = 10.0.40219.1
Project("{FAE04EC0-301F-11D3-BF4B-00C04F79EFBC}") = "OdeToFood", "OdeToFood\OdeToFood.csproj", "{785D5AC8-6662-4A82-9036-2128A860B5D4}"
EndProject
Project("{FAE04EC0-301F-11D3-BF4B-00C04F79EFBC}") = "OdeToFood.Core", "OdeToFood.Core\OdeToFood.Core.csproj", "{66AB5DEC-038C-464C-95FE-6934EBAB586C}"
EndProject
Project("{FAE04EC0-301F-11D3-BF4B-00C04F79EFBC}") = "OdeToFood.Data", "OdeToFood.Data\OdeToFood.Data.csproj", "{6F1F8743-AE83-4AAB-A2C9-36E5AEEFCA06}"
EndProject
Global
	GlobalSection(SolutionConfigurationPlatforms) = preSolution
		Debug|Any CPU = Debug|Any CPU
		Release|Any CPU = Release|Any CPU
	EndGlobalSection
	GlobalSection(ProjectConfigurationPlatforms) = postSolution
		{785D5AC8-6662-4A82-9036-2128A860B5D4}.Debug|Any CPU.ActiveCfg = Debug|Any CPU
		{785D5AC8-6662-4A82-9036-2128A860B5D4}.Debug|Any CPU.Build.0 = Debug|Any CPU
		{785D5AC8-6662-4A82-9036-2128A860B5D4}.Release|Any CPU.ActiveCfg = Release|Any CPU
		{785D5AC8-6662-4A82-9036-2128A860B5D4}.Release|Any CPU.Build.0 = Release|Any CPU
		{66AB5DEC-038C-464C-95FE-6934EBAB586C}.Debug|Any CPU.ActiveCfg = Debug|Any CPU
		{66AB5DEC-038C-464C-95FE-6934EBAB586C}.Debug|Any CPU.Build.0 = Debug|Any CPU
		{66AB5DEC-038C-464C-95FE-6934EBAB586C}.Release|Any CPU.ActiveCfg = Release|Any CPU
		{66AB5DEC-038C-464C-95FE-6934EBAB586C}.Release|Any CPU.Build.0 = Release|Any CPU
		{6F1F8743-AE83-4AAB-A2C9-36E5AEEFCA06}.Debug|Any CPU.ActiveCfg = Debug|Any CPU
		{6F1F8743-AE83-4AAB-A2C9-36E5AEEFCA06}.Debug|Any CPU.Build.0 = Debug|Any CPU
		{6F1F8743-AE83-4AAB-A2C9-36E5AEEFCA06}.Release|Any CPU.ActiveCfg = Release|Any CPU
		{6F1F8743-AE83-4AAB-A2C9-36E5AEEFCA06}.Release|Any CPU.Build.0 = Release|Any CPU
	EndGlobalSection
	GlobalSection(SolutionProperties) = preSolution
		HideSolutionNode = FALSE
	EndGlobalSection
	GlobalSection(ExtensibilityGlobals) = postSolution
		SolutionGuid = {08D56A66-36A0-4222-BF50-3C685CF5528C}
	EndGlobalSection
EndGlobal
